
Microsoft Visual Studio Solution File, Format Version 12.00
# Visual Studio Version 16
VisualStudioVersion = 16.0.31005.135
MinimumVisualStudioVersion = 10.0.40219.1
Project("{9A19103F-16F7-4668-BE54-9A1E7A4F7556}") = "INZFS.Web", "INZFS\INZFS.Web.csproj", "{A4564465-5EEC-4459-85C5-DB6D7430C46D}"
EndProject
Project("{9A19103F-16F7-4668-BE54-9A1E7A4F7556}") = "INZFS.Theme", "Themes\INZFS.Theme.csproj", "{B69A8314-907A-400A-B093-484244419ECD}"
EndProject
Project("{9A19103F-16F7-4668-BE54-9A1E7A4F7556}") = "INZFS.MVC", "INZFS.MVC\INZFS.MVC.csproj", "{C31A3463-6A5F-4865-8997-7C4491C6C394}"
EndProject
Project("{9A19103F-16F7-4668-BE54-9A1E7A4F7556}") = "INZFS.UnitTests", "INZFS.UnitTests\INZFS.UnitTests.csproj", "{F3A93620-78CA-405A-8F12-6345F1EEC814}"
EndProject
Project("{9A19103F-16F7-4668-BE54-9A1E7A4F7556}") = "BEIS.GDS.UI.Tests.Support", "..\Users\imran.ali\Desktop\NetZeroUITestAutomation\NetZero.Automated.UI.Tests\BEIS.GDS.UI.Tests.Support\BEIS.GDS.UI.Tests.Support.csproj", "{51DE4B9A-826F-4E5E-A186-F15F15B46002}"
EndProject
Project("{9A19103F-16F7-4668-BE54-9A1E7A4F7556}") = "NetZero.Automated.UI.Tests", "..\Users\imran.ali\Desktop\NetZeroUITestAutomation\NetZero.Automated.UI.Tests\NetZero.Automated.UI.Tests\NetZero.Automated.UI.Tests.csproj", "{B1151A02-FFB6-44FB-879E-B361D9283F16}"
EndProject
Global
	GlobalSection(SolutionConfigurationPlatforms) = preSolution
		Debug|Any CPU = Debug|Any CPU
		Release|Any CPU = Release|Any CPU
	EndGlobalSection
	GlobalSection(ProjectConfigurationPlatforms) = postSolution
		{A4564465-5EEC-4459-85C5-DB6D7430C46D}.Debug|Any CPU.ActiveCfg = Debug|Any CPU
		{A4564465-5EEC-4459-85C5-DB6D7430C46D}.Debug|Any CPU.Build.0 = Debug|Any CPU
		{A4564465-5EEC-4459-85C5-DB6D7430C46D}.Release|Any CPU.ActiveCfg = Release|Any CPU
		{A4564465-5EEC-4459-85C5-DB6D7430C46D}.Release|Any CPU.Build.0 = Release|Any CPU
		{B69A8314-907A-400A-B093-484244419ECD}.Debug|Any CPU.ActiveCfg = Debug|Any CPU
		{B69A8314-907A-400A-B093-484244419ECD}.Debug|Any CPU.Build.0 = Debug|Any CPU
		{B69A8314-907A-400A-B093-484244419ECD}.Release|Any CPU.ActiveCfg = Release|Any CPU
		{B69A8314-907A-400A-B093-484244419ECD}.Release|Any CPU.Build.0 = Release|Any CPU
		{C31A3463-6A5F-4865-8997-7C4491C6C394}.Debug|Any CPU.ActiveCfg = Debug|Any CPU
		{C31A3463-6A5F-4865-8997-7C4491C6C394}.Debug|Any CPU.Build.0 = Debug|Any CPU
		{C31A3463-6A5F-4865-8997-7C4491C6C394}.Release|Any CPU.ActiveCfg = Release|Any CPU
		{C31A3463-6A5F-4865-8997-7C4491C6C394}.Release|Any CPU.Build.0 = Release|Any CPU
		{F3A93620-78CA-405A-8F12-6345F1EEC814}.Debug|Any CPU.ActiveCfg = Debug|Any CPU
		{F3A93620-78CA-405A-8F12-6345F1EEC814}.Debug|Any CPU.Build.0 = Debug|Any CPU
		{F3A93620-78CA-405A-8F12-6345F1EEC814}.Release|Any CPU.ActiveCfg = Release|Any CPU
		{F3A93620-78CA-405A-8F12-6345F1EEC814}.Release|Any CPU.Build.0 = Release|Any CPU
		{51DE4B9A-826F-4E5E-A186-F15F15B46002}.Debug|Any CPU.ActiveCfg = Debug|Any CPU
		{51DE4B9A-826F-4E5E-A186-F15F15B46002}.Debug|Any CPU.Build.0 = Debug|Any CPU
		{51DE4B9A-826F-4E5E-A186-F15F15B46002}.Release|Any CPU.ActiveCfg = Release|Any CPU
		{51DE4B9A-826F-4E5E-A186-F15F15B46002}.Release|Any CPU.Build.0 = Release|Any CPU
		{B1151A02-FFB6-44FB-879E-B361D9283F16}.Debug|Any CPU.ActiveCfg = Debug|Any CPU
		{B1151A02-FFB6-44FB-879E-B361D9283F16}.Debug|Any CPU.Build.0 = Debug|Any CPU
		{B1151A02-FFB6-44FB-879E-B361D9283F16}.Release|Any CPU.ActiveCfg = Release|Any CPU
		{B1151A02-FFB6-44FB-879E-B361D9283F16}.Release|Any CPU.Build.0 = Release|Any CPU
	EndGlobalSection
	GlobalSection(SolutionProperties) = preSolution
		HideSolutionNode = FALSE
	EndGlobalSection
	GlobalSection(ExtensibilityGlobals) = postSolution
		SolutionGuid = {AB06F0DA-896F-4893-8E58-8412BB8AE656}
	EndGlobalSection
EndGlobal
